
Microsoft Visual Studio Solution File, Format Version 12.00
# Visual Studio Version 17
VisualStudioVersion = 17.0.31903.59
MinimumVisualStudioVersion = 10.0.40219.1
Project("{FAE04EC0-301F-11D3-BF4B-00C04F79EFBC}") = "Agada", "src\Agada\Agada.csproj", "{A34FC26C-A074-434A-8A2E-6923F7809E1F}"
EndProject
Project("{2150E333-8FDC-42A3-9474-1A3956D46DE8}") = "samples", "samples", "{285FD6E2-BBA5-418A-9C2E-A72065BCD532}"
EndProject
Project("{FAE04EC0-301F-11D3-BF4B-00C04F79EFBC}") = "SampleConsoleApp", "samples\SampleConsoleApp\SampleConsoleApp.csproj", "{628316EC-B07E-4975-81D6-CC83E1570D9C}"
EndProject
Global
	GlobalSection(SolutionConfigurationPlatforms) = preSolution
		Debug|Any CPU = Debug|Any CPU
		Release|Any CPU = Release|Any CPU
	EndGlobalSection
	GlobalSection(SolutionProperties) = preSolution
		HideSolutionNode = FALSE
	EndGlobalSection
	GlobalSection(ProjectConfigurationPlatforms) = postSolution
		{A34FC26C-A074-434A-8A2E-6923F7809E1F}.Debug|Any CPU.ActiveCfg = Debug|Any CPU
		{A34FC26C-A074-434A-8A2E-6923F7809E1F}.Debug|Any CPU.Build.0 = Debug|Any CPU
		{A34FC26C-A074-434A-8A2E-6923F7809E1F}.Release|Any CPU.ActiveCfg = Release|Any CPU
		{A34FC26C-A074-434A-8A2E-6923F7809E1F}.Release|Any CPU.Build.0 = Release|Any CPU
		{628316EC-B07E-4975-81D6-CC83E1570D9C}.Debug|Any CPU.ActiveCfg = Debug|Any CPU
		{628316EC-B07E-4975-81D6-CC83E1570D9C}.Debug|Any CPU.Build.0 = Debug|Any CPU
		{628316EC-B07E-4975-81D6-CC83E1570D9C}.Release|Any CPU.ActiveCfg = Release|Any CPU
		{628316EC-B07E-4975-81D6-CC83E1570D9C}.Release|Any CPU.Build.0 = Release|Any CPU
	EndGlobalSection
	GlobalSection(NestedProjects) = preSolution
		{628316EC-B07E-4975-81D6-CC83E1570D9C} = {285FD6E2-BBA5-418A-9C2E-A72065BCD532}
	EndGlobalSection
EndGlobal
